<?xml version="1.0" encoding="utf-8"?>
<Project ToolsVersion="4.0" xmlns="http://schemas.microsoft.com/developer/msbuild/2003">
  <ItemGroup>
    <Filter Include="Fichiers sources">
      <UniqueIdentifier>{4FC737F1-C7A5-4376-A066-2A32D752A2FF}</UniqueIdentifier>
      <Extensions>cpp;c;cc;cxx;def;odl;idl;hpj;bat;asm;asmx</Extensions>
    </Filter>
    <Filter Include="Fichiers de ressources">
      <UniqueIdentifier>{67DA6AB6-F800-4c08-8B7A-83BB121AAD01}</UniqueIdentifier>
      <Extensions>rc;ico;cur;bmp;dlg;rc2;rct;bin;rgs;gif;jpg;jpeg;jpe;resx;tiff;tif;png;wav;mfcribbon-ms</Extensions>
    </Filter>
  </ItemGroup>
  <ItemGroup>
    <ClInclude Include="include\bot.h">
      <Filter>Fichiers de ressources</Filter>
    </ClInclude>
    <ClInclude Include="include\fenetre.h">
      <Filter>Fichiers de ressources</Filter>
    </ClInclude>
    <ClInclude Include="include\gestionSf.h">
      <Filter>Fichiers de ressources</Filter>
    </ClInclude>
    <ClInclude Include="include\jeu.h">
      <Filter>Fichiers de ressources</Filter>
    </ClInclude>
    <ClInclude Include="include\joueur.h">
      <Filter>Fichiers de ressources</Filter>
    </ClInclude>
    <ClInclude Include="include\la_map.h">
      <Filter>Fichiers de ressources</Filter>
    </ClInclude>
    <ClInclude Include="include\librairies.h">
      <Filter>Fichiers de ressources</Filter>
    </ClInclude>
    <ClInclude Include="include\menu.h">
      <Filter>Fichiers de ressources</Filter>
    </ClInclude>
    <ClInclude Include="include\munition.h">
      <Filter>Fichiers de ressources</Filter>
    </ClInclude>
    <ClInclude Include="include\option.h">
      <Filter>Fichiers de ressources</Filter>
    </ClInclude>
    <ClInclude Include="include\pathfinding.h">
      <Filter>Fichiers de ressources</Filter>
    </ClInclude>
    <ClInclude Include="include\temps.h">
      <Filter>Fichiers de ressources</Filter>
    </ClInclude>
    <ClInclude Include="include\explosion.h">
      <Filter>Fichiers de ressources</Filter>
    </ClInclude>
    <ClInclude Include="include\audio.h">
      <Filter>Fichiers de ressources</Filter>
    </ClInclude>
  </ItemGroup>
  <ItemGroup>
    <ClCompile Include="src\bot.cpp">
      <Filter>Fichiers sources</Filter>
    </ClCompile>
    <ClCompile Include="src\fenetre.cpp">
      <Filter>Fichiers sources</Filter>
    </ClCompile>
    <ClCompile Include="src\gestionSf.cpp">
      <Filter>Fichiers sources</Filter>
    </ClCompile>
    <ClCompile Include="src\jeu.cpp">
      <Filter>Fichiers sources</Filter>
    </ClCompile>
    <ClCompile Include="src\joueur.cpp">
      <Filter>Fichiers sources</Filter>
    </ClCompile>
    <ClCompile Include="src\la_map.cpp">
      <Filter>Fichiers sources</Filter>
    </ClCompile>
    <ClCompile Include="src\menu.cpp">
      <Filter>Fichiers sources</Filter>
    </ClCompile>
    <ClCompile Include="src\munition.cpp">
      <Filter>Fichiers sources</Filter>
    </ClCompile>
    <ClCompile Include="src\option.cpp">
      <Filter>Fichiers sources</Filter>
    </ClCompile>
    <ClCompile Include="src\pathfinding.cpp">
      <Filter>Fichiers sources</Filter>
    </ClCompile>
    <ClCompile Include="src\temps.cpp">
      <Filter>Fichiers sources</Filter>
    </ClCompile>
    <ClCompile Include="main.cpp">
      <Filter>Fichiers sources</Filter>
    </ClCompile>
    <ClCompile Include="src\explosion.cpp">
      <Filter>Fichiers sources</Filter>
    </ClCompile>
    <ClCompile Include="src\audio.cpp">
      <Filter>Fichiers sources</Filter>
    </ClCompile>
  </ItemGroup>
</Project>